
Microsoft Visual Studio Solution File, Format Version 12.00
# Visual Studio Version 17
VisualStudioVersion = 17.0.31903.59
MinimumVisualStudioVersion = 10.0.40219.1
Project("{9A19103F-16F7-4668-BE54-9A1E7A4F7556}") = "ReverseProxy", "main\ReverseProxy.csproj", "{00167C02-1053-439C-87DE-D2E5025545D9}"
EndProject
Project("{E53339B2-1760-4266-BCC7-CA923CBCF16C}") = "docker-compose", "docker-compose.dcproj", "{7E9AEE00-5520-4EF9-B941-E2A6B5F74329}"
EndProject
Project("{9A19103F-16F7-4668-BE54-9A1E7A4F7556}") = "LettuceEncrypt", "..\..\LettuceEncrypt\src\LettuceEncrypt\LettuceEncrypt.csproj", "{D5FD76CE-10F3-4D1D-9227-2C64971D477B}"
EndProject
Project("{2150E333-8FDC-42A3-9474-1A3956D46DE8}") = "External", "External", "{4F110590-9F49-43DD-9442-BC59F3333D7C}"
EndProject
Project("{9A19103F-16F7-4668-BE54-9A1E7A4F7556}") = "McMaster.AspNetCore.Kestrel.Certificates", "..\..\LettuceEncrypt\src\Kestrel.Certificates\McMaster.AspNetCore.Kestrel.Certificates.csproj", "{363FA13E-EBFD-4713-9625-12B7C5BD4E66}"
EndProject
Global
	GlobalSection(SolutionConfigurationPlatforms) = preSolution
		Debug|Any CPU = Debug|Any CPU
		Release|Any CPU = Release|Any CPU
	EndGlobalSection
	GlobalSection(ProjectConfigurationPlatforms) = postSolution
		{00167C02-1053-439C-87DE-D2E5025545D9}.Debug|Any CPU.ActiveCfg = Debug|Any CPU
		{00167C02-1053-439C-87DE-D2E5025545D9}.Debug|Any CPU.Build.0 = Debug|Any CPU
		{00167C02-1053-439C-87DE-D2E5025545D9}.Release|Any CPU.ActiveCfg = Release|Any CPU
		{00167C02-1053-439C-87DE-D2E5025545D9}.Release|Any CPU.Build.0 = Release|Any CPU
		{7E9AEE00-5520-4EF9-B941-E2A6B5F74329}.Debug|Any CPU.ActiveCfg = Debug|Any CPU
		{7E9AEE00-5520-4EF9-B941-E2A6B5F74329}.Debug|Any CPU.Build.0 = Debug|Any CPU
		{7E9AEE00-5520-4EF9-B941-E2A6B5F74329}.Release|Any CPU.ActiveCfg = Release|Any CPU
		{7E9AEE00-5520-4EF9-B941-E2A6B5F74329}.Release|Any CPU.Build.0 = Release|Any CPU
		{D5FD76CE-10F3-4D1D-9227-2C64971D477B}.Debug|Any CPU.ActiveCfg = Debug|Any CPU
		{D5FD76CE-10F3-4D1D-9227-2C64971D477B}.Debug|Any CPU.Build.0 = Debug|Any CPU
		{D5FD76CE-10F3-4D1D-9227-2C64971D477B}.Release|Any CPU.ActiveCfg = Release|Any CPU
		{D5FD76CE-10F3-4D1D-9227-2C64971D477B}.Release|Any CPU.Build.0 = Release|Any CPU
		{363FA13E-EBFD-4713-9625-12B7C5BD4E66}.Debug|Any CPU.ActiveCfg = Debug|Any CPU
		{363FA13E-EBFD-4713-9625-12B7C5BD4E66}.Debug|Any CPU.Build.0 = Debug|Any CPU
		{363FA13E-EBFD-4713-9625-12B7C5BD4E66}.Release|Any CPU.ActiveCfg = Release|Any CPU
		{363FA13E-EBFD-4713-9625-12B7C5BD4E66}.Release|Any CPU.Build.0 = Release|Any CPU
	EndGlobalSection
	GlobalSection(SolutionProperties) = preSolution
		HideSolutionNode = FALSE
	EndGlobalSection
	GlobalSection(NestedProjects) = preSolution
		{D5FD76CE-10F3-4D1D-9227-2C64971D477B} = {4F110590-9F49-43DD-9442-BC59F3333D7C}
		{363FA13E-EBFD-4713-9625-12B7C5BD4E66} = {4F110590-9F49-43DD-9442-BC59F3333D7C}
	EndGlobalSection
	GlobalSection(ExtensibilityGlobals) = postSolution
		SolutionGuid = {0FA680D8-C55B-439C-9E8F-EDCBA9FE3798}
	EndGlobalSection
EndGlobal
